
Microsoft Visual Studio Solution File, Format Version 12.00
# Visual Studio 15
VisualStudioVersion = 15.0.27428.2011
MinimumVisualStudioVersion = 10.0.40219.1
Project("{FAE04EC0-301F-11D3-BF4B-00C04F79EFBC}") = "Interfaces", "Interfaces\Interfaces.csproj", "{3590CBB5-4D29-4ECD-B530-D85C36EC8348}"
EndProject
Project("{FAE04EC0-301F-11D3-BF4B-00C04F79EFBC}") = "XUnitTestProject1", "XUnitTestProject1\XUnitTestProject1.csproj", "{08589833-57F8-4780-972A-2E065DB3BFD7}"
EndProject
Project("{2150E333-8FDC-42A3-9474-1A3956D46DE8}") = "Solution Items", "Solution Items", "{FF85A83B-DED5-4CF7-BEFE-46B0041B93F0}"
	ProjectSection(SolutionItems) = preProject
		Readme.md = Readme.md
	EndProjectSection
EndProject
Global
	GlobalSection(SolutionConfigurationPlatforms) = preSolution
		Debug|Any CPU = Debug|Any CPU
		Release|Any CPU = Release|Any CPU
	EndGlobalSection
	GlobalSection(ProjectConfigurationPlatforms) = postSolution
		{3590CBB5-4D29-4ECD-B530-D85C36EC8348}.Debug|Any CPU.ActiveCfg = Debug|Any CPU
		{3590CBB5-4D29-4ECD-B530-D85C36EC8348}.Debug|Any CPU.Build.0 = Debug|Any CPU
		{3590CBB5-4D29-4ECD-B530-D85C36EC8348}.Release|Any CPU.ActiveCfg = Release|Any CPU
		{3590CBB5-4D29-4ECD-B530-D85C36EC8348}.Release|Any CPU.Build.0 = Release|Any CPU
		{08589833-57F8-4780-972A-2E065DB3BFD7}.Debug|Any CPU.ActiveCfg = Debug|Any CPU
		{08589833-57F8-4780-972A-2E065DB3BFD7}.Debug|Any CPU.Build.0 = Debug|Any CPU
		{08589833-57F8-4780-972A-2E065DB3BFD7}.Release|Any CPU.ActiveCfg = Release|Any CPU
		{08589833-57F8-4780-972A-2E065DB3BFD7}.Release|Any CPU.Build.0 = Release|Any CPU
	EndGlobalSection
	GlobalSection(SolutionProperties) = preSolution
		HideSolutionNode = FALSE
	EndGlobalSection
	GlobalSection(ExtensibilityGlobals) = postSolution
		SolutionGuid = {9562F91D-D927-4397-BDA2-3249344BAD26}
	EndGlobalSection
EndGlobal
